
Microsoft Visual Studio Solution File, Format Version 12.00
# Visual Studio Version 16
VisualStudioVersion = 16.0.31321.278
MinimumVisualStudioVersion = 10.0.40219.1
Project("{8BC9CEB8-8B4A-11D0-8D11-00A0C91BC942}") = "LeetCode", "LeetCode\LeetCode.vcxproj", "{772A9664-8CED-49CC-919D-5F209E67334B}"
EndProject
Global
	GlobalSection(SolutionConfigurationPlatforms) = preSolution
		Debug|x64 = Debug|x64
		Debug|x86 = Debug|x86
		Release|x64 = Release|x64
		Release|x86 = Release|x86
	EndGlobalSection
	GlobalSection(ProjectConfigurationPlatforms) = postSolution
		{772A9664-8CED-49CC-919D-5F209E67334B}.Debug|x64.ActiveCfg = Debug|x64
		{772A9664-8CED-49CC-919D-5F209E67334B}.Debug|x64.Build.0 = Debug|x64
		{772A9664-8CED-49CC-919D-5F209E67334B}.Debug|x86.ActiveCfg = Debug|Win32
		{772A9664-8CED-49CC-919D-5F209E67334B}.Debug|x86.Build.0 = Debug|Win32
		{772A9664-8CED-49CC-919D-5F209E67334B}.Release|x64.ActiveCfg = Release|x64
		{772A9664-8CED-49CC-919D-5F209E67334B}.Release|x64.Build.0 = Release|x64
		{772A9664-8CED-49CC-919D-5F209E67334B}.Release|x86.ActiveCfg = Release|Win32
		{772A9664-8CED-49CC-919D-5F209E67334B}.Release|x86.Build.0 = Release|Win32
	EndGlobalSection
	GlobalSection(SolutionProperties) = preSolution
		HideSolutionNode = FALSE
	EndGlobalSection
	GlobalSection(ExtensibilityGlobals) = postSolution
		SolutionGuid = {5174D848-720E-4AC2-AE4A-D4D3DA37B2B6}
	EndGlobalSection
EndGlobal
