<?xml version="1.0" encoding="utf-8"?>
<Project ToolsVersion="4.0" xmlns="http://schemas.microsoft.com/developer/msbuild/2003">
  <ItemGroup>
    <Filter Include="Source Files">
      <UniqueIdentifier>{4FC737F1-C7A5-4376-A066-2A32D752A2FF}</UniqueIdentifier>
      <Extensions>cpp;c;cc;cxx;c++;cppm;ixx;def;odl;idl;hpj;bat;asm;asmx</Extensions>
    </Filter>
    <Filter Include="Header Files">
      <UniqueIdentifier>{93995380-89BD-4b04-88EB-625FBE52EBFB}</UniqueIdentifier>
      <Extensions>h;hh;hpp;hxx;h++;hm;inl;inc;ipp;xsd</Extensions>
    </Filter>
    <Filter Include="Resource Files">
      <UniqueIdentifier>{67DA6AB6-F800-4c08-8B7A-83BB121AAD01}</UniqueIdentifier>
      <Extensions>rc;ico;cur;bmp;dlg;rc2;rct;bin;rgs;gif;jpg;jpeg;jpe;resx;tiff;tif;png;wav;mfcribbon-ms</Extensions>
    </Filter>
  </ItemGroup>
  <ItemGroup>
    <ClCompile Include="LeetCode.cpp">
      <Filter>Source Files</Filter>
    </ClCompile>
    <ClCompile Include="MyStack.cpp">
      <Filter>Source Files</Filter>
    </ClCompile>
  </ItemGroup>
  <ItemGroup>
    <ClInclude Include="minRefuelStops.h">
      <Filter>Header Files</Filter>
    </ClInclude>
    <ClInclude Include="palindromePairs.h">
      <Filter>Header Files</Filter>
    </ClInclude>
    <ClInclude Include="maximumUnits.h">
      <Filter>Header Files</Filter>
    </ClInclude>
    <ClInclude Include="profile.h">
      <Filter>Header Files</Filter>
    </ClInclude>
    <ClInclude Include="isSumEqual.h">
      <Filter>Header Files</Filter>
    </ClInclude>
    <ClInclude Include="generateParenthesis.h">
      <Filter>Header Files</Filter>
    </ClInclude>
    <ClInclude Include="test_runner.h">
      <Filter>Header Files</Filter>
    </ClInclude>
    <ClInclude Include="rangeSumQuery.h">
      <Filter>Header Files</Filter>
    </ClInclude>
    <ClInclude Include="kInversePairs.h">
      <Filter>Header Files</Filter>
    </ClInclude>
    <ClInclude Include="BinarySearch.h">
      <Filter>Header Files</Filter>
    </ClInclude>
    <ClInclude Include="mySqrt.h">
      <Filter>Header Files</Filter>
    </ClInclude>
    <ClInclude Include="guessNumber.h">
      <Filter>Header Files</Filter>
    </ClInclude>
    <ClInclude Include="RotatedSortedArray.h">
      <Filter>Header Files</Filter>
    </ClInclude>
    <ClInclude Include="FirstBadVersion.h">
      <Filter>Header Files</Filter>
    </ClInclude>
    <ClInclude Include="FindPeakElement.h">
      <Filter>Header Files</Filter>
    </ClInclude>
    <ClInclude Include="FindMinInRotatedSortedArray.h">
      <Filter>Header Files</Filter>
    </ClInclude>
    <ClInclude Include="SearchForRange.h">
      <Filter>Header Files</Filter>
    </ClInclude>
    <ClInclude Include="FindClosestElements.h">
      <Filter>Header Files</Filter>
    </ClInclude>
    <ClInclude Include="PerfectSquare.h">
      <Filter>Header Files</Filter>
    </ClInclude>
    <ClInclude Include="NextGreatestLetter.h">
      <Filter>Header Files</Filter>
    </ClInclude>
    <ClInclude Include="MyPow.h">
      <Filter>Header Files</Filter>
    </ClInclude>
    <ClInclude Include="FindMinInRotatedSortedArray2.h">
      <Filter>Header Files</Filter>
    </ClInclude>
    <ClInclude Include="IntersectionTwoArrays.h">
      <Filter>Header Files</Filter>
    </ClInclude>
    <ClInclude Include="TwoSum.h">
      <Filter>Header Files</Filter>
    </ClInclude>
    <ClInclude Include="FindDuplicate.h">
      <Filter>Header Files</Filter>
    </ClInclude>
    <ClInclude Include="CountNegatives.h">
      <Filter>Header Files</Filter>
    </ClInclude>
    <ClInclude Include="kWeakestRows.h">
      <Filter>Header Files</Filter>
    </ClInclude>
    <ClInclude Include="PeakIndexInMountainArray.h">
      <Filter>Header Files</Filter>
    </ClInclude>
    <ClInclude Include="DistanceBetweenTwoArrays.h">
      <Filter>Header Files</Filter>
    </ClInclude>
    <ClInclude Include="SpecialArray.h">
      <Filter>Header Files</Filter>
    </ClInclude>
    <ClInclude Include="FairCandySwap.h">
      <Filter>Header Files</Filter>
    </ClInclude>
    <ClInclude Include="KthMissingPositiveNumber.h">
      <Filter>Header Files</Filter>
    </ClInclude>
    <ClInclude Include="ArrangingCoins.h">
      <Filter>Header Files</Filter>
    </ClInclude>
    <ClInclude Include="SearchInsert.h">
      <Filter>Header Files</Filter>
    </ClInclude>
    <ClInclude Include="CheckIfExist.h">
      <Filter>Header Files</Filter>
    </ClInclude>
    <ClInclude Include="BitsOperations.h">
      <Filter>Header Files</Filter>
    </ClInclude>
    <ClInclude Include="BubbleSort.h">
      <Filter>Header Files</Filter>
    </ClInclude>
    <ClInclude Include="TriangularMatrices.h">
      <Filter>Header Files</Filter>
    </ClInclude>
    <ClInclude Include="GetDecimalValue.h">
      <Filter>Header Files</Filter>
    </ClInclude>
    <ClInclude Include="MiddleNode.h">
      <Filter>Header Files</Filter>
    </ClInclude>
    <ClInclude Include="DeleteNode.h">
      <Filter>Header Files</Filter>
    </ClInclude>
    <ClInclude Include="MyHashSet.h">
      <Filter>Header Files</Filter>
    </ClInclude>
    <ClInclude Include="MyHashMap.h">
      <Filter>Header Files</Filter>
    </ClInclude>
    <ClInclude Include="DeleteDuplicates.h">
      <Filter>Header Files</Filter>
    </ClInclude>
    <ClInclude Include="Fibonacci.h">
      <Filter>Header Files</Filter>
    </ClInclude>
    <ClInclude Include="PowerOfTwo.h">
      <Filter>Header Files</Filter>
    </ClInclude>
    <ClInclude Include="MyStack.h">
      <Filter>Header Files</Filter>
    </ClInclude>
    <ClInclude Include="PowerOfThree.h">
      <Filter>Header Files</Filter>
    </ClInclude>
    <ClInclude Include="PowerOfFour.h">
      <Filter>Header Files</Filter>
    </ClInclude>
    <ClInclude Include="ConcatenationOfArray.h">
      <Filter>Header Files</Filter>
    </ClInclude>
    <ClInclude Include="BuildArray.h">
      <Filter>Header Files</Filter>
    </ClInclude>
    <ClInclude Include="finalValue.h">
      <Filter>Header Files</Filter>
    </ClInclude>
    <ClInclude Include="RunningSum.h">
      <Filter>Header Files</Filter>
    </ClInclude>
    <ClInclude Include="ShuffleArray.h">
      <Filter>Header Files</Filter>
    </ClInclude>
    <ClInclude Include="MaximumWealth.h">
      <Filter>Header Files</Filter>
    </ClInclude>
    <ClInclude Include="KidsWithCandies.h">
      <Filter>Header Files</Filter>
    </ClInclude>
    <ClInclude Include="FirstPalindrome.h">
      <Filter>Header Files</Filter>
    </ClInclude>
    <ClInclude Include="GoodPairs.h">
      <Filter>Header Files</Filter>
    </ClInclude>
    <ClInclude Include="SmallerNumbers.h">
      <Filter>Header Files</Filter>
    </ClInclude>
    <ClInclude Include="DecompressRLElist.h">
      <Filter>Header Files</Filter>
    </ClInclude>
    <ClInclude Include="RestoreString.h">
      <Filter>Header Files</Filter>
    </ClInclude>
    <ClInclude Include="DecodeXORedArray.h">
      <Filter>Header Files</Filter>
    </ClInclude>
  </ItemGroup>
</Project>